PODS:
  - FBSnapshotTestCase (2.1.4):
    - FBSnapshotTestCase/SwiftSupport (= 2.1.4)
  - FBSnapshotTestCase/Core (2.1.4)
  - FBSnapshotTestCase/SwiftSupport (2.1.4):
    - FBSnapshotTestCase/Core
  - Private (0.2.1)

DEPENDENCIES:
  - FBSnapshotTestCase
  - Private (from `../`)

SPEC REPOS:
  trunk:
    - FBSnapshotTestCase

EXTERNAL SOURCES:
  Private:
    :path: "../"

SPEC CHECKSUMS:
  FBSnapshotTestCase: 094f9f314decbabe373b87cc339bea235a63e07a
  Private: 936a98a0ed8d3ed901b1d7a65cbe276d46be05ef

PODFILE CHECKSUM: aa8ca55012e0e50ffa7b74cda78fcb9844ade875

COCOAPODS: 1.15.2
